
Microsoft Visual Studio Solution File, Format Version 12.00
# Visual Studio Version 17
VisualStudioVersion = 17.5.2.0
MinimumVisualStudioVersion = 10.0.40219.1
Project("{2150E333-8FDC-42A3-9474-1A3956D46DE8}") = "src", "src", "{581836A3-E798-46C3-BB0B-77FE8D00586E}"
EndProject
Project("{9A19103F-16F7-4668-BE54-9A1E7A4F7556}") = "PKHeX.CLI", "src\PKHeX.CLI\PKHeX.CLI.csproj", "{7F8CA98B-DA33-444E-B0CD-38B29CC5150A}"
EndProject
Project("{FAE04EC0-301F-11D3-BF4B-00C04F79EFBC}") = "PKHeX.Facade", "src\PKHeX.Facade\PKHeX.Facade.csproj", "{17C3070E-D9DD-4D09-A8C2-C6F206EBC057}"
EndProject
Project("{FAE04EC0-301F-11D3-BF4B-00C04F79EFBC}") = "PKHeX.Facade.Tests", "src\PKHeX.Facade.Tests\PKHeX.Facade.Tests.csproj", "{5FD2259B-9DF8-43F1-B06E-FA797D2BC43C}"
EndProject
Project("{FAE04EC0-301F-11D3-BF4B-00C04F79EFBC}") = "PKHeX.Web", "src\PKHeX.Web\PKHeX.Web.csproj", "{34A61BFD-D02B-40D8-9F2C-0AB087771BC4}"
EndProject
Project("{2150E333-8FDC-42A3-9474-1A3956D46DE8}") = "external", "external", "{4FEE1C4E-85F6-4A3E-A0D4-16B38B9979E5}"
EndProject
Project("{FAE04EC0-301F-11D3-BF4B-00C04F79EFBC}") = "PKHeX.Core.AutoMod", "external\PKHeX-Plugins\PKHeX.Core.AutoMod\PKHeX.Core.AutoMod.csproj", "{89DFFB75-5090-4848-AA0B-9BA221CC2494}"
EndProject
Project("{2150E333-8FDC-42A3-9474-1A3956D46DE8}") = "web", "web", "{C923EFFF-2157-4DDC-A3BB-885680607B4A}"
EndProject
Project("{FAE04EC0-301F-11D3-BF4B-00C04F79EFBC}") = "PKHeX.Web.Plugins", "src\PKHeX.Web.Plugins\PKHeX.Web.Plugins.csproj", "{FCE997A3-EEB6-4520-8BCC-96BD8C98107F}"
EndProject
Project("{FAE04EC0-301F-11D3-BF4B-00C04F79EFBC}") = "PKHeX.Web.Plugins.AutoLegality", "src\PKHeX.Web.Plugins.AutoLegality\PKHeX.Web.Plugins.AutoLegality.csproj", "{026DB30A-D734-45E9-AC4F-CCE20C1C81C2}"
EndProject
Project("{2150E333-8FDC-42A3-9474-1A3956D46DE8}") = "plugins", "plugins", "{CC075F32-5750-4FFC-8E7C-B10A9834AAF5}"
EndProject
Project("{FAE04EC0-301F-11D3-BF4B-00C04F79EFBC}") = "PKHeX.Web.Plugins.Nuzlocking", "src\PKHeX.Web.Plugins.Nuzlocking\PKHeX.Web.Plugins.Nuzlocking.csproj", "{1B4DA625-46D8-4A05-9E79-45EAAC54974D}"
EndProject
Project("{FAE04EC0-301F-11D3-BF4B-00C04F79EFBC}") = "PKHeX.Web.Plugins.LiveRun", "src\PKHeX.Web.Plugins.LiveRun\PKHeX.Web.Plugins.LiveRun.csproj", "{C1B672F8-C0C7-4203-8310-48A434FD27AC}"
EndProject
Project("{FAE04EC0-301F-11D3-BF4B-00C04F79EFBC}") = "PKHeX.Core", "external\PKHeX\PKHeX.Core\PKHeX.Core.csproj", "{C9C091B7-D437-4AE0-98E8-0AC4A0705E4A}"
EndProject
Project("{FAE04EC0-301F-11D3-BF4B-00C04F79EFBC}") = "PKHeX.Web.E2E", "src\PKHeX.Web.E2E\PKHeX.Web.E2E.csproj", "{A76822E8-95FE-4F4F-8B4F-C3F31E3D3AB6}"
EndProject
Project("{FAE04EC0-301F-11D3-BF4B-00C04F79EFBC}") = "PKHeX.Everywhere.Engine", "src\PKHeX.Everywhere.Engine\PKHeX.Everywhere.Engine.csproj", "{6DECBC02-BF1D-4B5E-B018-A2736A6FE882}"
EndProject
Project("{FAE04EC0-301F-11D3-BF4B-00C04F79EFBC}") = "PKHeX.Everywhere.Engine.Generators", "src\PKHeX.Everywhere.Engine.Generators\PKHeX.Everywhere.Engine.Generators.csproj", "{3D0E66F1-7D09-4B34-8ECA-B69487F133E4}"
EndProject
Project("{FAE04EC0-301F-11D3-BF4B-00C04F79EFBC}") = "PKHeX.Everywhere.Engine.CodeGen", "src\PKHeX.Everywhere.Engine.CodeGen\PKHeX.Everywhere.Engine.CodeGen.csproj", "{E8D19DD0-E638-4E92-80E2-878C0A2CDD23}"
EndProject
Project("{FAE04EC0-301F-11D3-BF4B-00C04F79EFBC}") = "PKHeX.Everywhere.Engine.Tests", "src\PKHeX.Everywhere.Engine.Tests\PKHeX.Everywhere.Engine.Tests.csproj", "{DEEF6B6E-BA97-41B3-801B-3BAF286BBF55}"
EndProject
Project("{FAE04EC0-301F-11D3-BF4B-00C04F79EFBC}") = "PKHeX.Everywhere.Engine.Tests.Handlers", "src\PKHeX.Everywhere.Engine.Tests.Handlers\PKHeX.Everywhere.Engine.Tests.Handlers.csproj", "{02E57406-6BF1-4FE4-8730-4DA63FE16E44}"
EndProject
Project("{FAE04EC0-301F-11D3-BF4B-00C04F79EFBC}") = "PKHeX.Everywhere.PlugIns", "src\PKHeX.Everywhere.PlugIns\PKHeX.Everywhere.PlugIns.csproj", "{430ADD1A-BDEB-4268-B346-4197F6D8B083}"
EndProject
Project("{FAE04EC0-301F-11D3-BF4B-00C04F79EFBC}") = "PKHeX.Everywhere.Engine.PlugIns", "src\PKHeX.Everywhere.Engine.PlugIns\PKHeX.Everywhere.Engine.PlugIns.csproj", "{2E0E0038-78C5-428D-9540-599F4C4687D7}"
EndProject
Project("{FAE04EC0-301F-11D3-BF4B-00C04F79EFBC}") = "PKHeX.Everywhere.Engine.Tests.PlugIn", "src\PKHeX.Everywhere.Engine.Tests.PlugIn\PKHeX.Everywhere.Engine.Tests.PlugIn.csproj", "{B00F394E-83A9-4A35-AF7B-169DC176AF60}"
EndProject
Project("{FAE04EC0-301F-11D3-BF4B-00C04F79EFBC}") = "PKHeX.Everywhere.Engine.Tests.PlugInV1", "src\PKHeX.Everywhere.Engine.Tests.PlugInV1\PKHeX.Everywhere.Engine.Tests.PlugInV1.csproj", "{4CAD9956-03E2-4E11-860E-1FB87D7A9AE2}"
EndProject
Global
	GlobalSection(SolutionConfigurationPlatforms) = preSolution
		Debug|Any CPU = Debug|Any CPU
		Debug|x64 = Debug|x64
		Debug|x86 = Debug|x86
		Release|Any CPU = Release|Any CPU
		Release|x64 = Release|x64
		Release|x86 = Release|x86
	EndGlobalSection
	GlobalSection(ProjectConfigurationPlatforms) = postSolution
		{7F8CA98B-DA33-444E-B0CD-38B29CC5150A}.Debug|Any CPU.ActiveCfg = Debug|Any CPU
		{7F8CA98B-DA33-444E-B0CD-38B29CC5150A}.Debug|Any CPU.Build.0 = Debug|Any CPU
		{7F8CA98B-DA33-444E-B0CD-38B29CC5150A}.Debug|x64.ActiveCfg = Debug|Any CPU
		{7F8CA98B-DA33-444E-B0CD-38B29CC5150A}.Debug|x64.Build.0 = Debug|Any CPU
		{7F8CA98B-DA33-444E-B0CD-38B29CC5150A}.Debug|x86.ActiveCfg = Debug|Any CPU
		{7F8CA98B-DA33-444E-B0CD-38B29CC5150A}.Debug|x86.Build.0 = Debug|Any CPU
		{7F8CA98B-DA33-444E-B0CD-38B29CC5150A}.Release|Any CPU.ActiveCfg = Release|Any CPU
		{7F8CA98B-DA33-444E-B0CD-38B29CC5150A}.Release|Any CPU.Build.0 = Release|Any CPU
		{7F8CA98B-DA33-444E-B0CD-38B29CC5150A}.Release|x64.ActiveCfg = Release|Any CPU
		{7F8CA98B-DA33-444E-B0CD-38B29CC5150A}.Release|x64.Build.0 = Release|Any CPU
		{7F8CA98B-DA33-444E-B0CD-38B29CC5150A}.Release|x86.ActiveCfg = Release|Any CPU
		{7F8CA98B-DA33-444E-B0CD-38B29CC5150A}.Release|x86.Build.0 = Release|Any CPU
		{17C3070E-D9DD-4D09-A8C2-C6F206EBC057}.Debug|Any CPU.ActiveCfg = Debug|Any CPU
		{17C3070E-D9DD-4D09-A8C2-C6F206EBC057}.Debug|Any CPU.Build.0 = Debug|Any CPU
		{17C3070E-D9DD-4D09-A8C2-C6F206EBC057}.Debug|x64.ActiveCfg = Debug|Any CPU
		{17C3070E-D9DD-4D09-A8C2-C6F206EBC057}.Debug|x64.Build.0 = Debug|Any CPU
		{17C3070E-D9DD-4D09-A8C2-C6F206EBC057}.Debug|x86.ActiveCfg = Debug|Any CPU
		{17C3070E-D9DD-4D09-A8C2-C6F206EBC057}.Debug|x86.Build.0 = Debug|Any CPU
		{17C3070E-D9DD-4D09-A8C2-C6F206EBC057}.Release|Any CPU.ActiveCfg = Release|Any CPU
		{17C3070E-D9DD-4D09-A8C2-C6F206EBC057}.Release|Any CPU.Build.0 = Release|Any CPU
		{17C3070E-D9DD-4D09-A8C2-C6F206EBC057}.Release|x64.ActiveCfg = Release|Any CPU
		{17C3070E-D9DD-4D09-A8C2-C6F206EBC057}.Release|x64.Build.0 = Release|Any CPU
		{17C3070E-D9DD-4D09-A8C2-C6F206EBC057}.Release|x86.ActiveCfg = Release|Any CPU
		{17C3070E-D9DD-4D09-A8C2-C6F206EBC057}.Release|x86.Build.0 = Release|Any CPU
		{5FD2259B-9DF8-43F1-B06E-FA797D2BC43C}.Debug|Any CPU.ActiveCfg = Debug|Any CPU
		{5FD2259B-9DF8-43F1-B06E-FA797D2BC43C}.Debug|Any CPU.Build.0 = Debug|Any CPU
		{5FD2259B-9DF8-43F1-B06E-FA797D2BC43C}.Debug|x64.ActiveCfg = Debug|Any CPU
		{5FD2259B-9DF8-43F1-B06E-FA797D2BC43C}.Debug|x64.Build.0 = Debug|Any CPU
		{5FD2259B-9DF8-43F1-B06E-FA797D2BC43C}.Debug|x86.ActiveCfg = Debug|Any CPU
		{5FD2259B-9DF8-43F1-B06E-FA797D2BC43C}.Debug|x86.Build.0 = Debug|Any CPU
		{5FD2259B-9DF8-43F1-B06E-FA797D2BC43C}.Release|Any CPU.ActiveCfg = Release|Any CPU
		{5FD2259B-9DF8-43F1-B06E-FA797D2BC43C}.Release|Any CPU.Build.0 = Release|Any CPU
		{5FD2259B-9DF8-43F1-B06E-FA797D2BC43C}.Release|x64.ActiveCfg = Release|Any CPU
		{5FD2259B-9DF8-43F1-B06E-FA797D2BC43C}.Release|x64.Build.0 = Release|Any CPU
		{5FD2259B-9DF8-43F1-B06E-FA797D2BC43C}.Release|x86.ActiveCfg = Release|Any CPU
		{5FD2259B-9DF8-43F1-B06E-FA797D2BC43C}.Release|x86.Build.0 = Release|Any CPU
		{34A61BFD-D02B-40D8-9F2C-0AB087771BC4}.Debug|Any CPU.ActiveCfg = Debug|Any CPU
		{34A61BFD-D02B-40D8-9F2C-0AB087771BC4}.Debug|Any CPU.Build.0 = Debug|Any CPU
		{34A61BFD-D02B-40D8-9F2C-0AB087771BC4}.Debug|x64.ActiveCfg = Debug|Any CPU
		{34A61BFD-D02B-40D8-9F2C-0AB087771BC4}.Debug|x64.Build.0 = Debug|Any CPU
		{34A61BFD-D02B-40D8-9F2C-0AB087771BC4}.Debug|x86.ActiveCfg = Debug|Any CPU
		{34A61BFD-D02B-40D8-9F2C-0AB087771BC4}.Debug|x86.Build.0 = Debug|Any CPU
		{34A61BFD-D02B-40D8-9F2C-0AB087771BC4}.Release|Any CPU.ActiveCfg = Release|Any CPU
		{34A61BFD-D02B-40D8-9F2C-0AB087771BC4}.Release|Any CPU.Build.0 = Release|Any CPU
		{34A61BFD-D02B-40D8-9F2C-0AB087771BC4}.Release|x64.ActiveCfg = Release|Any CPU
		{34A61BFD-D02B-40D8-9F2C-0AB087771BC4}.Release|x64.Build.0 = Release|Any CPU
		{34A61BFD-D02B-40D8-9F2C-0AB087771BC4}.Release|x86.ActiveCfg = Release|Any CPU
		{34A61BFD-D02B-40D8-9F2C-0AB087771BC4}.Release|x86.Build.0 = Release|Any CPU
		{89DFFB75-5090-4848-AA0B-9BA221CC2494}.Debug|Any CPU.ActiveCfg = Debug|Any CPU
		{89DFFB75-5090-4848-AA0B-9BA221CC2494}.Debug|Any CPU.Build.0 = Debug|Any CPU
		{89DFFB75-5090-4848-AA0B-9BA221CC2494}.Debug|x64.ActiveCfg = Debug|Any CPU
		{89DFFB75-5090-4848-AA0B-9BA221CC2494}.Debug|x64.Build.0 = Debug|Any CPU
		{89DFFB75-5090-4848-AA0B-9BA221CC2494}.Debug|x86.ActiveCfg = Debug|Any CPU
		{89DFFB75-5090-4848-AA0B-9BA221CC2494}.Debug|x86.Build.0 = Debug|Any CPU
		{89DFFB75-5090-4848-AA0B-9BA221CC2494}.Release|Any CPU.ActiveCfg = Release|Any CPU
		{89DFFB75-5090-4848-AA0B-9BA221CC2494}.Release|Any CPU.Build.0 = Release|Any CPU
		{89DFFB75-5090-4848-AA0B-9BA221CC2494}.Release|x64.ActiveCfg = Release|Any CPU
		{89DFFB75-5090-4848-AA0B-9BA221CC2494}.Release|x64.Build.0 = Release|Any CPU
		{89DFFB75-5090-4848-AA0B-9BA221CC2494}.Release|x86.ActiveCfg = Release|Any CPU
		{89DFFB75-5090-4848-AA0B-9BA221CC2494}.Release|x86.Build.0 = Release|Any CPU
		{FCE997A3-EEB6-4520-8BCC-96BD8C98107F}.Debug|Any CPU.ActiveCfg = Debug|Any CPU
		{FCE997A3-EEB6-4520-8BCC-96BD8C98107F}.Debug|Any CPU.Build.0 = Debug|Any CPU
		{FCE997A3-EEB6-4520-8BCC-96BD8C98107F}.Debug|x64.ActiveCfg = Debug|Any CPU
		{FCE997A3-EEB6-4520-8BCC-96BD8C98107F}.Debug|x64.Build.0 = Debug|Any CPU
		{FCE997A3-EEB6-4520-8BCC-96BD8C98107F}.Debug|x86.ActiveCfg = Debug|Any CPU
		{FCE997A3-EEB6-4520-8BCC-96BD8C98107F}.Debug|x86.Build.0 = Debug|Any CPU
		{FCE997A3-EEB6-4520-8BCC-96BD8C98107F}.Release|Any CPU.ActiveCfg = Release|Any CPU
		{FCE997A3-EEB6-4520-8BCC-96BD8C98107F}.Release|Any CPU.Build.0 = Release|Any CPU
		{FCE997A3-EEB6-4520-8BCC-96BD8C98107F}.Release|x64.ActiveCfg = Release|Any CPU
		{FCE997A3-EEB6-4520-8BCC-96BD8C98107F}.Release|x64.Build.0 = Release|Any CPU
		{FCE997A3-EEB6-4520-8BCC-96BD8C98107F}.Release|x86.ActiveCfg = Release|Any CPU
		{FCE997A3-EEB6-4520-8BCC-96BD8C98107F}.Release|x86.Build.0 = Release|Any CPU
		{026DB30A-D734-45E9-AC4F-CCE20C1C81C2}.Debug|Any CPU.ActiveCfg = Debug|Any CPU
		{026DB30A-D734-45E9-AC4F-CCE20C1C81C2}.Debug|Any CPU.Build.0 = Debug|Any CPU
		{026DB30A-D734-45E9-AC4F-CCE20C1C81C2}.Debug|x64.ActiveCfg = Debug|Any CPU
		{026DB30A-D734-45E9-AC4F-CCE20C1C81C2}.Debug|x64.Build.0 = Debug|Any CPU
		{026DB30A-D734-45E9-AC4F-CCE20C1C81C2}.Debug|x86.ActiveCfg = Debug|Any CPU
		{026DB30A-D734-45E9-AC4F-CCE20C1C81C2}.Debug|x86.Build.0 = Debug|Any CPU
		{026DB30A-D734-45E9-AC4F-CCE20C1C81C2}.Release|Any CPU.ActiveCfg = Release|Any CPU
		{026DB30A-D734-45E9-AC4F-CCE20C1C81C2}.Release|Any CPU.Build.0 = Release|Any CPU
		{026DB30A-D734-45E9-AC4F-CCE20C1C81C2}.Release|x64.ActiveCfg = Release|Any CPU
		{026DB30A-D734-45E9-AC4F-CCE20C1C81C2}.Release|x64.Build.0 = Release|Any CPU
		{026DB30A-D734-45E9-AC4F-CCE20C1C81C2}.Release|x86.ActiveCfg = Release|Any CPU
		{026DB30A-D734-45E9-AC4F-CCE20C1C81C2}.Release|x86.Build.0 = Release|Any CPU
		{1B4DA625-46D8-4A05-9E79-45EAAC54974D}.Debug|Any CPU.ActiveCfg = Debug|Any CPU
		{1B4DA625-46D8-4A05-9E79-45EAAC54974D}.Debug|Any CPU.Build.0 = Debug|Any CPU
		{1B4DA625-46D8-4A05-9E79-45EAAC54974D}.Debug|x64.ActiveCfg = Debug|Any CPU
		{1B4DA625-46D8-4A05-9E79-45EAAC54974D}.Debug|x64.Build.0 = Debug|Any CPU
		{1B4DA625-46D8-4A05-9E79-45EAAC54974D}.Debug|x86.ActiveCfg = Debug|Any CPU
		{1B4DA625-46D8-4A05-9E79-45EAAC54974D}.Debug|x86.Build.0 = Debug|Any CPU
		{1B4DA625-46D8-4A05-9E79-45EAAC54974D}.Release|Any CPU.ActiveCfg = Release|Any CPU
		{1B4DA625-46D8-4A05-9E79-45EAAC54974D}.Release|Any CPU.Build.0 = Release|Any CPU
		{1B4DA625-46D8-4A05-9E79-45EAAC54974D}.Release|x64.ActiveCfg = Release|Any CPU
		{1B4DA625-46D8-4A05-9E79-45EAAC54974D}.Release|x64.Build.0 = Release|Any CPU
		{1B4DA625-46D8-4A05-9E79-45EAAC54974D}.Release|x86.ActiveCfg = Release|Any CPU
		{1B4DA625-46D8-4A05-9E79-45EAAC54974D}.Release|x86.Build.0 = Release|Any CPU
		{C1B672F8-C0C7-4203-8310-48A434FD27AC}.Debug|Any CPU.ActiveCfg = Debug|Any CPU
		{C1B672F8-C0C7-4203-8310-48A434FD27AC}.Debug|Any CPU.Build.0 = Debug|Any CPU
		{C1B672F8-C0C7-4203-8310-48A434FD27AC}.Debug|x64.ActiveCfg = Debug|Any CPU
		{C1B672F8-C0C7-4203-8310-48A434FD27AC}.Debug|x64.Build.0 = Debug|Any CPU
		{C1B672F8-C0C7-4203-8310-48A434FD27AC}.Debug|x86.ActiveCfg = Debug|Any CPU
		{C1B672F8-C0C7-4203-8310-48A434FD27AC}.Debug|x86.Build.0 = Debug|Any CPU
		{C1B672F8-C0C7-4203-8310-48A434FD27AC}.Release|Any CPU.ActiveCfg = Release|Any CPU
		{C1B672F8-C0C7-4203-8310-48A434FD27AC}.Release|Any CPU.Build.0 = Release|Any CPU
		{C1B672F8-C0C7-4203-8310-48A434FD27AC}.Release|x64.ActiveCfg = Release|Any CPU
		{C1B672F8-C0C7-4203-8310-48A434FD27AC}.Release|x64.Build.0 = Release|Any CPU
		{C1B672F8-C0C7-4203-8310-48A434FD27AC}.Release|x86.ActiveCfg = Release|Any CPU
		{C1B672F8-C0C7-4203-8310-48A434FD27AC}.Release|x86.Build.0 = Release|Any CPU
		{C9C091B7-D437-4AE0-98E8-0AC4A0705E4A}.Debug|Any CPU.ActiveCfg = Debug|Any CPU
		{C9C091B7-D437-4AE0-98E8-0AC4A0705E4A}.Debug|Any CPU.Build.0 = Debug|Any CPU
		{C9C091B7-D437-4AE0-98E8-0AC4A0705E4A}.Debug|x64.ActiveCfg = Debug|Any CPU
		{C9C091B7-D437-4AE0-98E8-0AC4A0705E4A}.Debug|x64.Build.0 = Debug|Any CPU
		{C9C091B7-D437-4AE0-98E8-0AC4A0705E4A}.Debug|x86.ActiveCfg = Debug|Any CPU
		{C9C091B7-D437-4AE0-98E8-0AC4A0705E4A}.Debug|x86.Build.0 = Debug|Any CPU
		{C9C091B7-D437-4AE0-98E8-0AC4A0705E4A}.Release|Any CPU.ActiveCfg = Release|Any CPU
		{C9C091B7-D437-4AE0-98E8-0AC4A0705E4A}.Release|Any CPU.Build.0 = Release|Any CPU
		{C9C091B7-D437-4AE0-98E8-0AC4A0705E4A}.Release|x64.ActiveCfg = Release|Any CPU
		{C9C091B7-D437-4AE0-98E8-0AC4A0705E4A}.Release|x64.Build.0 = Release|Any CPU
		{C9C091B7-D437-4AE0-98E8-0AC4A0705E4A}.Release|x86.ActiveCfg = Release|Any CPU
		{C9C091B7-D437-4AE0-98E8-0AC4A0705E4A}.Release|x86.Build.0 = Release|Any CPU
		{A76822E8-95FE-4F4F-8B4F-C3F31E3D3AB6}.Debug|x64.ActiveCfg = Debug|Any CPU
		{A76822E8-95FE-4F4F-8B4F-C3F31E3D3AB6}.Debug|x64.Build.0 = Debug|Any CPU
		{A76822E8-95FE-4F4F-8B4F-C3F31E3D3AB6}.Debug|x86.ActiveCfg = Debug|Any CPU
		{A76822E8-95FE-4F4F-8B4F-C3F31E3D3AB6}.Debug|x86.Build.0 = Debug|Any CPU
		{A76822E8-95FE-4F4F-8B4F-C3F31E3D3AB6}.Release|x64.ActiveCfg = Release|Any CPU
		{A76822E8-95FE-4F4F-8B4F-C3F31E3D3AB6}.Release|x64.Build.0 = Release|Any CPU
		{A76822E8-95FE-4F4F-8B4F-C3F31E3D3AB6}.Release|x86.ActiveCfg = Release|Any CPU
		{A76822E8-95FE-4F4F-8B4F-C3F31E3D3AB6}.Release|x86.Build.0 = Release|Any CPU
		{6DECBC02-BF1D-4B5E-B018-A2736A6FE882}.Debug|Any CPU.ActiveCfg = Debug|Any CPU
		{6DECBC02-BF1D-4B5E-B018-A2736A6FE882}.Debug|Any CPU.Build.0 = Debug|Any CPU
		{6DECBC02-BF1D-4B5E-B018-A2736A6FE882}.Debug|x64.ActiveCfg = Debug|Any CPU
		{6DECBC02-BF1D-4B5E-B018-A2736A6FE882}.Debug|x64.Build.0 = Debug|Any CPU
		{6DECBC02-BF1D-4B5E-B018-A2736A6FE882}.Debug|x86.ActiveCfg = Debug|Any CPU
		{6DECBC02-BF1D-4B5E-B018-A2736A6FE882}.Debug|x86.Build.0 = Debug|Any CPU
		{6DECBC02-BF1D-4B5E-B018-A2736A6FE882}.Release|Any CPU.ActiveCfg = Release|Any CPU
		{6DECBC02-BF1D-4B5E-B018-A2736A6FE882}.Release|Any CPU.Build.0 = Release|Any CPU
		{6DECBC02-BF1D-4B5E-B018-A2736A6FE882}.Release|x64.ActiveCfg = Release|Any CPU
		{6DECBC02-BF1D-4B5E-B018-A2736A6FE882}.Release|x64.Build.0 = Release|Any CPU
		{6DECBC02-BF1D-4B5E-B018-A2736A6FE882}.Release|x86.ActiveCfg = Release|Any CPU
		{6DECBC02-BF1D-4B5E-B018-A2736A6FE882}.Release|x86.Build.0 = Release|Any CPU
		{3D0E66F1-7D09-4B34-8ECA-B69487F133E4}.Debug|Any CPU.ActiveCfg = Debug|Any CPU
		{3D0E66F1-7D09-4B34-8ECA-B69487F133E4}.Debug|Any CPU.Build.0 = Debug|Any CPU
		{3D0E66F1-7D09-4B34-8ECA-B69487F133E4}.Debug|x64.ActiveCfg = Debug|Any CPU
		{3D0E66F1-7D09-4B34-8ECA-B69487F133E4}.Debug|x64.Build.0 = Debug|Any CPU
		{3D0E66F1-7D09-4B34-8ECA-B69487F133E4}.Debug|x86.ActiveCfg = Debug|Any CPU
		{3D0E66F1-7D09-4B34-8ECA-B69487F133E4}.Debug|x86.Build.0 = Debug|Any CPU
		{3D0E66F1-7D09-4B34-8ECA-B69487F133E4}.Release|Any CPU.ActiveCfg = Release|Any CPU
		{3D0E66F1-7D09-4B34-8ECA-B69487F133E4}.Release|Any CPU.Build.0 = Release|Any CPU
		{3D0E66F1-7D09-4B34-8ECA-B69487F133E4}.Release|x64.ActiveCfg = Release|Any CPU
		{3D0E66F1-7D09-4B34-8ECA-B69487F133E4}.Release|x64.Build.0 = Release|Any CPU
		{3D0E66F1-7D09-4B34-8ECA-B69487F133E4}.Release|x86.ActiveCfg = Release|Any CPU
		{3D0E66F1-7D09-4B34-8ECA-B69487F133E4}.Release|x86.Build.0 = Release|Any CPU
		{E8D19DD0-E638-4E92-80E2-878C0A2CDD23}.Debug|Any CPU.ActiveCfg = Debug|Any CPU
		{E8D19DD0-E638-4E92-80E2-878C0A2CDD23}.Debug|Any CPU.Build.0 = Debug|Any CPU
		{E8D19DD0-E638-4E92-80E2-878C0A2CDD23}.Debug|x64.ActiveCfg = Debug|Any CPU
		{E8D19DD0-E638-4E92-80E2-878C0A2CDD23}.Debug|x64.Build.0 = Debug|Any CPU
		{E8D19DD0-E638-4E92-80E2-878C0A2CDD23}.Debug|x86.ActiveCfg = Debug|Any CPU
		{E8D19DD0-E638-4E92-80E2-878C0A2CDD23}.Debug|x86.Build.0 = Debug|Any CPU
		{E8D19DD0-E638-4E92-80E2-878C0A2CDD23}.Release|Any CPU.ActiveCfg = Release|Any CPU
		{E8D19DD0-E638-4E92-80E2-878C0A2CDD23}.Release|Any CPU.Build.0 = Release|Any CPU
		{E8D19DD0-E638-4E92-80E2-878C0A2CDD23}.Release|x64.ActiveCfg = Release|Any CPU
		{E8D19DD0-E638-4E92-80E2-878C0A2CDD23}.Release|x64.Build.0 = Release|Any CPU
		{E8D19DD0-E638-4E92-80E2-878C0A2CDD23}.Release|x86.ActiveCfg = Release|Any CPU
		{E8D19DD0-E638-4E92-80E2-878C0A2CDD23}.Release|x86.Build.0 = Release|Any CPU
		{DEEF6B6E-BA97-41B3-801B-3BAF286BBF55}.Debug|Any CPU.ActiveCfg = Debug|Any CPU
		{DEEF6B6E-BA97-41B3-801B-3BAF286BBF55}.Debug|Any CPU.Build.0 = Debug|Any CPU
		{DEEF6B6E-BA97-41B3-801B-3BAF286BBF55}.Debug|x64.ActiveCfg = Debug|Any CPU
		{DEEF6B6E-BA97-41B3-801B-3BAF286BBF55}.Debug|x64.Build.0 = Debug|Any CPU
		{DEEF6B6E-BA97-41B3-801B-3BAF286BBF55}.Debug|x86.ActiveCfg = Debug|Any CPU
		{DEEF6B6E-BA97-41B3-801B-3BAF286BBF55}.Debug|x86.Build.0 = Debug|Any CPU
		{DEEF6B6E-BA97-41B3-801B-3BAF286BBF55}.Release|Any CPU.ActiveCfg = Release|Any CPU
		{DEEF6B6E-BA97-41B3-801B-3BAF286BBF55}.Release|Any CPU.Build.0 = Release|Any CPU
		{DEEF6B6E-BA97-41B3-801B-3BAF286BBF55}.Release|x64.ActiveCfg = Release|Any CPU
		{DEEF6B6E-BA97-41B3-801B-3BAF286BBF55}.Release|x64.Build.0 = Release|Any CPU
		{DEEF6B6E-BA97-41B3-801B-3BAF286BBF55}.Release|x86.ActiveCfg = Release|Any CPU
		{DEEF6B6E-BA97-41B3-801B-3BAF286BBF55}.Release|x86.Build.0 = Release|Any CPU
		{02E57406-6BF1-4FE4-8730-4DA63FE16E44}.Debug|Any CPU.ActiveCfg = Debug|Any CPU
		{02E57406-6BF1-4FE4-8730-4DA63FE16E44}.Debug|Any CPU.Build.0 = Debug|Any CPU
		{02E57406-6BF1-4FE4-8730-4DA63FE16E44}.Debug|x64.ActiveCfg = Debug|Any CPU
		{02E57406-6BF1-4FE4-8730-4DA63FE16E44}.Debug|x64.Build.0 = Debug|Any CPU
		{02E57406-6BF1-4FE4-8730-4DA63FE16E44}.Debug|x86.ActiveCfg = Debug|Any CPU
		{02E57406-6BF1-4FE4-8730-4DA63FE16E44}.Debug|x86.Build.0 = Debug|Any CPU
		{02E57406-6BF1-4FE4-8730-4DA63FE16E44}.Release|Any CPU.ActiveCfg = Release|Any CPU
		{02E57406-6BF1-4FE4-8730-4DA63FE16E44}.Release|Any CPU.Build.0 = Release|Any CPU
		{02E57406-6BF1-4FE4-8730-4DA63FE16E44}.Release|x64.ActiveCfg = Release|Any CPU
		{02E57406-6BF1-4FE4-8730-4DA63FE16E44}.Release|x64.Build.0 = Release|Any CPU
		{02E57406-6BF1-4FE4-8730-4DA63FE16E44}.Release|x86.ActiveCfg = Release|Any CPU
		{02E57406-6BF1-4FE4-8730-4DA63FE16E44}.Release|x86.Build.0 = Release|Any CPU
		{430ADD1A-BDEB-4268-B346-4197F6D8B083}.Debug|Any CPU.ActiveCfg = Debug|Any CPU
		{430ADD1A-BDEB-4268-B346-4197F6D8B083}.Debug|Any CPU.Build.0 = Debug|Any CPU
		{430ADD1A-BDEB-4268-B346-4197F6D8B083}.Debug|x64.ActiveCfg = Debug|Any CPU
		{430ADD1A-BDEB-4268-B346-4197F6D8B083}.Debug|x64.Build.0 = Debug|Any CPU
		{430ADD1A-BDEB-4268-B346-4197F6D8B083}.Debug|x86.ActiveCfg = Debug|Any CPU
		{430ADD1A-BDEB-4268-B346-4197F6D8B083}.Debug|x86.Build.0 = Debug|Any CPU
		{430ADD1A-BDEB-4268-B346-4197F6D8B083}.Release|Any CPU.ActiveCfg = Release|Any CPU
		{430ADD1A-BDEB-4268-B346-4197F6D8B083}.Release|Any CPU.Build.0 = Release|Any CPU
		{430ADD1A-BDEB-4268-B346-4197F6D8B083}.Release|x64.ActiveCfg = Release|Any CPU
		{430ADD1A-BDEB-4268-B346-4197F6D8B083}.Release|x64.Build.0 = Release|Any CPU
		{430ADD1A-BDEB-4268-B346-4197F6D8B083}.Release|x86.ActiveCfg = Release|Any CPU
		{430ADD1A-BDEB-4268-B346-4197F6D8B083}.Release|x86.Build.0 = Release|Any CPU
		{2E0E0038-78C5-428D-9540-599F4C4687D7}.Debug|Any CPU.ActiveCfg = Debug|Any CPU
		{2E0E0038-78C5-428D-9540-599F4C4687D7}.Debug|Any CPU.Build.0 = Debug|Any CPU
		{2E0E0038-78C5-428D-9540-599F4C4687D7}.Debug|x64.ActiveCfg = Debug|Any CPU
		{2E0E0038-78C5-428D-9540-599F4C4687D7}.Debug|x64.Build.0 = Debug|Any CPU
		{2E0E0038-78C5-428D-9540-599F4C4687D7}.Debug|x86.ActiveCfg = Debug|Any CPU
		{2E0E0038-78C5-428D-9540-599F4C4687D7}.Debug|x86.Build.0 = Debug|Any CPU
		{2E0E0038-78C5-428D-9540-599F4C4687D7}.Release|Any CPU.ActiveCfg = Release|Any CPU
		{2E0E0038-78C5-428D-9540-599F4C4687D7}.Release|Any CPU.Build.0 = Release|Any CPU
		{2E0E0038-78C5-428D-9540-599F4C4687D7}.Release|x64.ActiveCfg = Release|Any CPU
		{2E0E0038-78C5-428D-9540-599F4C4687D7}.Release|x64.Build.0 = Release|Any CPU
		{2E0E0038-78C5-428D-9540-599F4C4687D7}.Release|x86.ActiveCfg = Release|Any CPU
		{2E0E0038-78C5-428D-9540-599F4C4687D7}.Release|x86.Build.0 = Release|Any CPU
		{B00F394E-83A9-4A35-AF7B-169DC176AF60}.Debug|Any CPU.ActiveCfg = Debug|Any CPU
		{B00F394E-83A9-4A35-AF7B-169DC176AF60}.Debug|Any CPU.Build.0 = Debug|Any CPU
		{B00F394E-83A9-4A35-AF7B-169DC176AF60}.Debug|x64.ActiveCfg = Debug|Any CPU
		{B00F394E-83A9-4A35-AF7B-169DC176AF60}.Debug|x64.Build.0 = Debug|Any CPU
		{B00F394E-83A9-4A35-AF7B-169DC176AF60}.Debug|x86.ActiveCfg = Debug|Any CPU
		{B00F394E-83A9-4A35-AF7B-169DC176AF60}.Debug|x86.Build.0 = Debug|Any CPU
		{B00F394E-83A9-4A35-AF7B-169DC176AF60}.Release|Any CPU.ActiveCfg = Release|Any CPU
		{B00F394E-83A9-4A35-AF7B-169DC176AF60}.Release|Any CPU.Build.0 = Release|Any CPU
		{B00F394E-83A9-4A35-AF7B-169DC176AF60}.Release|x64.ActiveCfg = Release|Any CPU
		{B00F394E-83A9-4A35-AF7B-169DC176AF60}.Release|x64.Build.0 = Release|Any CPU
		{B00F394E-83A9-4A35-AF7B-169DC176AF60}.Release|x86.ActiveCfg = Release|Any CPU
		{B00F394E-83A9-4A35-AF7B-169DC176AF60}.Release|x86.Build.0 = Release|Any CPU
		{4CAD9956-03E2-4E11-860E-1FB87D7A9AE2}.Debug|Any CPU.ActiveCfg = Debug|Any CPU
		{4CAD9956-03E2-4E11-860E-1FB87D7A9AE2}.Debug|Any CPU.Build.0 = Debug|Any CPU
		{4CAD9956-03E2-4E11-860E-1FB87D7A9AE2}.Debug|x64.ActiveCfg = Debug|Any CPU
		{4CAD9956-03E2-4E11-860E-1FB87D7A9AE2}.Debug|x64.Build.0 = Debug|Any CPU
		{4CAD9956-03E2-4E11-860E-1FB87D7A9AE2}.Debug|x86.ActiveCfg = Debug|Any CPU
		{4CAD9956-03E2-4E11-860E-1FB87D7A9AE2}.Debug|x86.Build.0 = Debug|Any CPU
		{4CAD9956-03E2-4E11-860E-1FB87D7A9AE2}.Release|Any CPU.ActiveCfg = Release|Any CPU
		{4CAD9956-03E2-4E11-860E-1FB87D7A9AE2}.Release|Any CPU.Build.0 = Release|Any CPU
		{4CAD9956-03E2-4E11-860E-1FB87D7A9AE2}.Release|x64.ActiveCfg = Release|Any CPU
		{4CAD9956-03E2-4E11-860E-1FB87D7A9AE2}.Release|x64.Build.0 = Release|Any CPU
		{4CAD9956-03E2-4E11-860E-1FB87D7A9AE2}.Release|x86.ActiveCfg = Release|Any CPU
		{4CAD9956-03E2-4E11-860E-1FB87D7A9AE2}.Release|x86.Build.0 = Release|Any CPU
	EndGlobalSection
	GlobalSection(SolutionProperties) = preSolution
		HideSolutionNode = FALSE
		{A76822E8-95FE-4F4F-8B4F-C3F31E3D3AB6}.Debug|Any CPU.ActiveCfg = Debug|Any CPU
		{A76822E8-95FE-4F4F-8B4F-C3F31E3D3AB6}.Debug|Any CPU.Build.0 = Debug|Any CPU
		{A76822E8-95FE-4F4F-8B4F-C3F31E3D3AB6}.Release|Any CPU.ActiveCfg = Release|Any CPU
		{A76822E8-95FE-4F4F-8B4F-C3F31E3D3AB6}.Release|Any CPU.Build.0 = Release|Any CPU
	EndGlobalSection
	GlobalSection(NestedProjects) = preSolution
		{7F8CA98B-DA33-444E-B0CD-38B29CC5150A} = {581836A3-E798-46C3-BB0B-77FE8D00586E}
		{17C3070E-D9DD-4D09-A8C2-C6F206EBC057} = {581836A3-E798-46C3-BB0B-77FE8D00586E}
		{5FD2259B-9DF8-43F1-B06E-FA797D2BC43C} = {581836A3-E798-46C3-BB0B-77FE8D00586E}
		{34A61BFD-D02B-40D8-9F2C-0AB087771BC4} = {C923EFFF-2157-4DDC-A3BB-885680607B4A}
		{89DFFB75-5090-4848-AA0B-9BA221CC2494} = {4FEE1C4E-85F6-4A3E-A0D4-16B38B9979E5}
		{C923EFFF-2157-4DDC-A3BB-885680607B4A} = {581836A3-E798-46C3-BB0B-77FE8D00586E}
		{FCE997A3-EEB6-4520-8BCC-96BD8C98107F} = {C923EFFF-2157-4DDC-A3BB-885680607B4A}
		{026DB30A-D734-45E9-AC4F-CCE20C1C81C2} = {CC075F32-5750-4FFC-8E7C-B10A9834AAF5}
		{CC075F32-5750-4FFC-8E7C-B10A9834AAF5} = {C923EFFF-2157-4DDC-A3BB-885680607B4A}
		{1B4DA625-46D8-4A05-9E79-45EAAC54974D} = {CC075F32-5750-4FFC-8E7C-B10A9834AAF5}
		{C1B672F8-C0C7-4203-8310-48A434FD27AC} = {CC075F32-5750-4FFC-8E7C-B10A9834AAF5}
		{C9C091B7-D437-4AE0-98E8-0AC4A0705E4A} = {4FEE1C4E-85F6-4A3E-A0D4-16B38B9979E5}
		{A76822E8-95FE-4F4F-8B4F-C3F31E3D3AB6} = {C923EFFF-2157-4DDC-A3BB-885680607B4A}
		{6DECBC02-BF1D-4B5E-B018-A2736A6FE882} = {581836A3-E798-46C3-BB0B-77FE8D00586E}
		{3D0E66F1-7D09-4B34-8ECA-B69487F133E4} = {581836A3-E798-46C3-BB0B-77FE8D00586E}
		{E8D19DD0-E638-4E92-80E2-878C0A2CDD23} = {581836A3-E798-46C3-BB0B-77FE8D00586E}
		{DEEF6B6E-BA97-41B3-801B-3BAF286BBF55} = {581836A3-E798-46C3-BB0B-77FE8D00586E}
		{02E57406-6BF1-4FE4-8730-4DA63FE16E44} = {581836A3-E798-46C3-BB0B-77FE8D00586E}
		{430ADD1A-BDEB-4268-B346-4197F6D8B083} = {581836A3-E798-46C3-BB0B-77FE8D00586E}
		{2E0E0038-78C5-428D-9540-599F4C4687D7} = {581836A3-E798-46C3-BB0B-77FE8D00586E}
		{B00F394E-83A9-4A35-AF7B-169DC176AF60} = {581836A3-E798-46C3-BB0B-77FE8D00586E}
		{4CAD9956-03E2-4E11-860E-1FB87D7A9AE2} = {581836A3-E798-46C3-BB0B-77FE8D00586E}
	EndGlobalSection
	GlobalSection(ExtensibilityGlobals) = postSolution
		SolutionGuid = {DC818BE7-9140-4DBD-A070-2FF1372FF25E}
	EndGlobalSection
EndGlobal
